
Microsoft Visual Studio Solution File, Format Version 12.00
# Visual Studio Version 17
VisualStudioVersion = 17.8.34309.116
MinimumVisualStudioVersion = 10.0.40219.1
Project("{FAE04EC0-301F-11D3-BF4B-00C04F79EFBC}") = "TodoApi", "TodoApi\TodoApi.csproj", "{5427868C-42F9-45B1-BA10-2860E13C605C}"
EndProject
Global
	GlobalSection(SolutionConfigurationPlatforms) = preSolution
		Debug|Any CPU = Debug|Any CPU
		Release|Any CPU = Release|Any CPU
	EndGlobalSection
	GlobalSection(ProjectConfigurationPlatforms) = postSolution
		{5427868C-42F9-45B1-BA10-2860E13C605C}.Debug|Any CPU.ActiveCfg = Debug|Any CPU
		{5427868C-42F9-45B1-BA10-2860E13C605C}.Debug|Any CPU.Build.0 = Debug|Any CPU
		{5427868C-42F9-45B1-BA10-2860E13C605C}.Release|Any CPU.ActiveCfg = Release|Any CPU
		{5427868C-42F9-45B1-BA10-2860E13C605C}.Release|Any CPU.Build.0 = Release|Any CPU
	EndGlobalSection
	GlobalSection(SolutionProperties) = preSolution
		HideSolutionNode = FALSE
	EndGlobalSection
	GlobalSection(ExtensibilityGlobals) = postSolution
		SolutionGuid = {2046FA7A-628D-4B40-9003-1862172EF99A}
	EndGlobalSection
EndGlobal
